<?xml version="1.0" encoding="utf-8"?>
<Project ToolsVersion="4.0" xmlns="http://schemas.microsoft.com/developer/msbuild/2003">
  <ItemGroup>
    <Filter Include="Source Files">
      <UniqueIdentifier>{4FC737F1-C7A5-4376-A066-2A32D752A2FF}</UniqueIdentifier>
      <Extensions>cpp;c;cc;cxx;def;odl;idl;hpj;bat;asm;asmx</Extensions>
    </Filter>
    <Filter Include="Header Files">
      <UniqueIdentifier>{93995380-89BD-4b04-88EB-625FBE52EBFB}</UniqueIdentifier>
      <Extensions>h;hh;hpp;hxx;hm;inl;inc;xsd</Extensions>
    </Filter>
    <Filter Include="Resource Files">
      <UniqueIdentifier>{67DA6AB6-F800-4c08-8B7A-83BB121AAD01}</UniqueIdentifier>
      <Extensions>rc;ico;cur;bmp;dlg;rc2;rct;bin;rgs;gif;jpg;jpeg;jpe;resx;tiff;tif;png;wav;mfcribbon-ms</Extensions>
    </Filter>
    <Filter Include="Source Files\Classes">
      <UniqueIdentifier>{16c1cde6-9629-473d-9e7a-bd043e9e9c3c}</UniqueIdentifier>
    </Filter>
    <Filter Include="Header Files\Classes">
      <UniqueIdentifier>{718b4e18-5936-4043-b8e2-ce0f5dcfef62}</UniqueIdentifier>
    </Filter>
    <Filter Include="Header Files\Classes\Monster">
      <UniqueIdentifier>{5b58f7de-75d9-41ca-9e12-9ac9644d360a}</UniqueIdentifier>
    </Filter>
    <Filter Include="Source Files\Classes\Monster">
      <UniqueIdentifier>{8b0ad894-a154-4c9f-9d73-b9f77549dbcd}</UniqueIdentifier>
    </Filter>
  </ItemGroup>
  <ItemGroup>
    <ClCompile Include="Player.cpp">
      <Filter>Source Files\Classes</Filter>
    </ClCompile>
    <ClCompile Include="Artefact.cpp">
      <Filter>Source Files\Classes</Filter>
    </ClCompile>
    <ClCompile Include="Human.cpp">
      <Filter>Source Files\Classes</Filter>
    </ClCompile>
    <ClCompile Include="Monster.cpp">
      <Filter>Source Files\Classes\Monster</Filter>
    </ClCompile>
    <ClCompile Include="Ogre.cpp">
      <Filter>Source Files\Classes\Monster</Filter>
    </ClCompile>
    <ClCompile Include="main.cpp">
      <Filter>Source Files</Filter>
    </ClCompile>
    <ClCompile Include="BabyDragon.cpp">
      <Filter>Source Files\Classes\Monster</Filter>
    </ClCompile>
    <ClCompile Include="Minotaur.cpp">
      <Filter>Source Files\Classes\Monster</Filter>
    </ClCompile>
    <ClCompile Include="AncientMummy.cpp">
      <Filter>Source Files\Classes\Monster</Filter>
    </ClCompile>
    <ClCompile Include="Zombie.cpp">
      <Filter>Source Files\Classes\Monster</Filter>
    </ClCompile>
    <ClCompile Include="Hydra.cpp">
      <Filter>Source Files\Classes\Monster</Filter>
    </ClCompile>
    <ClCompile Include="game.cpp">
      <Filter>Source Files\Classes</Filter>
    </ClCompile>
    <ClCompile Include="interface.cpp">
      <Filter>Source Files</Filter>
    </ClCompile>
    <ClCompile Include="map.cpp">
      <Filter>Source Files</Filter>
    </ClCompile>
    <ClCompile Include="graphics.cpp">
      <Filter>Source Files</Filter>
    </ClCompile>
    <ClCompile Include="events.cpp">
      <Filter>Source Files</Filter>
    </ClCompile>
    <ClCompile Include="status.cpp">
      <Filter>Source Files</Filter>
    </ClCompile>
    <ClCompile Include="difficulty.cpp">
      <Filter>Source Files</Filter>
    </ClCompile>
    <ClCompile Include="playerHandling.cpp">
      <Filter>Source Files</Filter>
    </ClCompile>
    <ClCompile Include="menu.cpp">
      <Filter>Source Files</Filter>
    </ClCompile>
    <ClCompile Include="loadSaveGame.cpp">
      <Filter>Source Files</Filter>
    </ClCompile>
  </ItemGroup>
  <ItemGroup>
    <ClInclude Include="Player.h">
      <Filter>Header Files\Classes</Filter>
    </ClInclude>
    <ClInclude Include="Artefact.h">
      <Filter>Header Files\Classes</Filter>
    </ClInclude>
    <ClInclude Include="Human.h">
      <Filter>Header Files\Classes</Filter>
    </ClInclude>
    <ClInclude Include="Monster.h">
      <Filter>Header Files\Classes\Monster</Filter>
    </ClInclude>
    <ClInclude Include="Ogre.h">
      <Filter>Header Files\Classes\Monster</Filter>
    </ClInclude>
    <ClInclude Include="main.h">
      <Filter>Header Files</Filter>
    </ClInclude>
    <ClInclude Include="BabyDragon.h">
      <Filter>Header Files\Classes\Monster</Filter>
    </ClInclude>
    <ClInclude Include="Minotaur.h">
      <Filter>Header Files\Classes\Monster</Filter>
    </ClInclude>
    <ClInclude Include="AncientMummy.h">
      <Filter>Header Files\Classes\Monster</Filter>
    </ClInclude>
    <ClInclude Include="Zombie.h">
      <Filter>Header Files\Classes\Monster</Filter>
    </ClInclude>
    <ClInclude Include="Hydra.h">
      <Filter>Header Files\Classes\Monster</Filter>
    </ClInclude>
    <ClInclude Include="Game.h">
      <Filter>Header Files\Classes</Filter>
    </ClInclude>
    <ClInclude Include="Interface.h">
      <Filter>Header Files</Filter>
    </ClInclude>
    <ClInclude Include="map.h">
      <Filter>Header Files</Filter>
    </ClInclude>
    <ClInclude Include="difficulty.h">
      <Filter>Header Files</Filter>
    </ClInclude>
    <ClInclude Include="graphics.h">
      <Filter>Header Files</Filter>
    </ClInclude>
    <ClInclude Include="events.h">
      <Filter>Header Files</Filter>
    </ClInclude>
    <ClInclude Include="status.h">
      <Filter>Header Files</Filter>
    </ClInclude>
    <ClInclude Include="playerHandling.h">
      <Filter>Header Files</Filter>
    </ClInclude>
    <ClInclude Include="menu.h">
      <Filter>Header Files</Filter>
    </ClInclude>
    <ClInclude Include="loadSaveGame.h">
      <Filter>Header Files</Filter>
    </ClInclude>
  </ItemGroup>
</Project>